
Microsoft Visual Studio Solution File, Format Version 12.00
# Visual Studio Version 17
VisualStudioVersion = 17.7.34031.279
MinimumVisualStudioVersion = 10.0.40219.1
Project("{FAE04EC0-301F-11D3-BF4B-00C04F79EFBC}") = "ejercicio2Condi", "ejercicio2Condi.csproj", "{AED504EB-2767-4A03-936F-8BE73135086E}"
EndProject
Global
	GlobalSection(SolutionConfigurationPlatforms) = preSolution
		Debug|Any CPU = Debug|Any CPU
		Release|Any CPU = Release|Any CPU
	EndGlobalSection
	GlobalSection(ProjectConfigurationPlatforms) = postSolution
		{AED504EB-2767-4A03-936F-8BE73135086E}.Debug|Any CPU.ActiveCfg = Debug|Any CPU
		{AED504EB-2767-4A03-936F-8BE73135086E}.Debug|Any CPU.Build.0 = Debug|Any CPU
		{AED504EB-2767-4A03-936F-8BE73135086E}.Release|Any CPU.ActiveCfg = Release|Any CPU
		{AED504EB-2767-4A03-936F-8BE73135086E}.Release|Any CPU.Build.0 = Release|Any CPU
	EndGlobalSection
	GlobalSection(SolutionProperties) = preSolution
		HideSolutionNode = FALSE
	EndGlobalSection
	GlobalSection(ExtensibilityGlobals) = postSolution
		SolutionGuid = {1BFAF4F6-AE9A-4157-B790-81090B6F2563}
	EndGlobalSection
EndGlobal
